
Microsoft Visual Studio Solution File, Format Version 12.00
# Visual Studio 15
VisualStudioVersion = 15.0.28307.852
MinimumVisualStudioVersion = 10.0.40219.1
Project("{8BC9CEB8-8B4A-11D0-8D11-00A0C91BC942}") = "curs2", "curs2.vcxproj", "{F7EA50FE-AEA6-4E09-BFB2-F3F4C1B4ABF4}"
EndProject
Global
	GlobalSection(SolutionConfigurationPlatforms) = preSolution
		Debug|x64 = Debug|x64
		Debug|x86 = Debug|x86
		Release|x64 = Release|x64
		Release|x86 = Release|x86
	EndGlobalSection
	GlobalSection(ProjectConfigurationPlatforms) = postSolution
		{F7EA50FE-AEA6-4E09-BFB2-F3F4C1B4ABF4}.Debug|x64.ActiveCfg = Debug|x64
		{F7EA50FE-AEA6-4E09-BFB2-F3F4C1B4ABF4}.Debug|x64.Build.0 = Debug|x64
		{F7EA50FE-AEA6-4E09-BFB2-F3F4C1B4ABF4}.Debug|x86.ActiveCfg = Debug|Win32
		{F7EA50FE-AEA6-4E09-BFB2-F3F4C1B4ABF4}.Debug|x86.Build.0 = Debug|Win32
		{F7EA50FE-AEA6-4E09-BFB2-F3F4C1B4ABF4}.Release|x64.ActiveCfg = Release|x64
		{F7EA50FE-AEA6-4E09-BFB2-F3F4C1B4ABF4}.Release|x64.Build.0 = Release|x64
		{F7EA50FE-AEA6-4E09-BFB2-F3F4C1B4ABF4}.Release|x86.ActiveCfg = Release|Win32
		{F7EA50FE-AEA6-4E09-BFB2-F3F4C1B4ABF4}.Release|x86.Build.0 = Release|Win32
	EndGlobalSection
	GlobalSection(SolutionProperties) = preSolution
		HideSolutionNode = FALSE
	EndGlobalSection
	GlobalSection(ExtensibilityGlobals) = postSolution
		SolutionGuid = {40526088-89F1-4D56-BEEA-0051EB72A6B6}
	EndGlobalSection
EndGlobal
