
Microsoft Visual Studio Solution File, Format Version 12.00
# Visual Studio 15
VisualStudioVersion = 15.0.28307.852
MinimumVisualStudioVersion = 10.0.40219.1
Project("{8BC9CEB8-8B4A-11D0-8D11-00A0C91BC942}") = "lab_3", "lab_3.vcxproj", "{2777FA04-217B-42A1-8B20-384FE92686FB}"
EndProject
Global
	GlobalSection(SolutionConfigurationPlatforms) = preSolution
		Debug|x64 = Debug|x64
		Debug|x86 = Debug|x86
		Release|x64 = Release|x64
		Release|x86 = Release|x86
	EndGlobalSection
	GlobalSection(ProjectConfigurationPlatforms) = postSolution
		{2777FA04-217B-42A1-8B20-384FE92686FB}.Debug|x64.ActiveCfg = Debug|x64
		{2777FA04-217B-42A1-8B20-384FE92686FB}.Debug|x64.Build.0 = Debug|x64
		{2777FA04-217B-42A1-8B20-384FE92686FB}.Debug|x86.ActiveCfg = Debug|Win32
		{2777FA04-217B-42A1-8B20-384FE92686FB}.Debug|x86.Build.0 = Debug|Win32
		{2777FA04-217B-42A1-8B20-384FE92686FB}.Release|x64.ActiveCfg = Release|x64
		{2777FA04-217B-42A1-8B20-384FE92686FB}.Release|x64.Build.0 = Release|x64
		{2777FA04-217B-42A1-8B20-384FE92686FB}.Release|x86.ActiveCfg = Release|Win32
		{2777FA04-217B-42A1-8B20-384FE92686FB}.Release|x86.Build.0 = Release|Win32
	EndGlobalSection
	GlobalSection(SolutionProperties) = preSolution
		HideSolutionNode = FALSE
	EndGlobalSection
	GlobalSection(ExtensibilityGlobals) = postSolution
		SolutionGuid = {229CAC0B-1DE8-48B0-A275-013D4D16AB8F}
	EndGlobalSection
EndGlobal
