
Microsoft Visual Studio Solution File, Format Version 12.00
# Visual Studio 15
VisualStudioVersion = 15.0.28307.852
MinimumVisualStudioVersion = 10.0.40219.1
Project("{8BC9CEB8-8B4A-11D0-8D11-00A0C91BC942}") = "LAB_8", "LAB_8.vcxproj", "{F5F2F78C-B64A-4CCF-8E3F-D5E657C69DAF}"
EndProject
Global
	GlobalSection(SolutionConfigurationPlatforms) = preSolution
		Debug|x64 = Debug|x64
		Debug|x86 = Debug|x86
		Release|x64 = Release|x64
		Release|x86 = Release|x86
	EndGlobalSection
	GlobalSection(ProjectConfigurationPlatforms) = postSolution
		{F5F2F78C-B64A-4CCF-8E3F-D5E657C69DAF}.Debug|x64.ActiveCfg = Debug|x64
		{F5F2F78C-B64A-4CCF-8E3F-D5E657C69DAF}.Debug|x64.Build.0 = Debug|x64
		{F5F2F78C-B64A-4CCF-8E3F-D5E657C69DAF}.Debug|x86.ActiveCfg = Debug|Win32
		{F5F2F78C-B64A-4CCF-8E3F-D5E657C69DAF}.Debug|x86.Build.0 = Debug|Win32
		{F5F2F78C-B64A-4CCF-8E3F-D5E657C69DAF}.Release|x64.ActiveCfg = Release|x64
		{F5F2F78C-B64A-4CCF-8E3F-D5E657C69DAF}.Release|x64.Build.0 = Release|x64
		{F5F2F78C-B64A-4CCF-8E3F-D5E657C69DAF}.Release|x86.ActiveCfg = Release|Win32
		{F5F2F78C-B64A-4CCF-8E3F-D5E657C69DAF}.Release|x86.Build.0 = Release|Win32
	EndGlobalSection
	GlobalSection(SolutionProperties) = preSolution
		HideSolutionNode = FALSE
	EndGlobalSection
	GlobalSection(ExtensibilityGlobals) = postSolution
		SolutionGuid = {5735F0A9-67A1-46A3-97FA-EF0D41A0D35D}
	EndGlobalSection
EndGlobal
